
Microsoft Visual Studio Solution File, Format Version 12.00
# Visual Studio Version 16
VisualStudioVersion = 16.0.30225.117
MinimumVisualStudioVersion = 10.0.40219.1
Project("{FAE04EC0-301F-11D3-BF4B-00C04F79EFBC}") = "SpeechToDiscord", "SpeechToDiscord\SpeechToDiscord.csproj", "{DE8651DC-26F6-46B4-B25D-4A592338D402}"
EndProject
Global
	GlobalSection(SolutionConfigurationPlatforms) = preSolution
		Debug|Any CPU = Debug|Any CPU
		Release|Any CPU = Release|Any CPU
	EndGlobalSection
	GlobalSection(ProjectConfigurationPlatforms) = postSolution
		{DE8651DC-26F6-46B4-B25D-4A592338D402}.Debug|Any CPU.ActiveCfg = Debug|Any CPU
		{DE8651DC-26F6-46B4-B25D-4A592338D402}.Debug|Any CPU.Build.0 = Debug|Any CPU
		{DE8651DC-26F6-46B4-B25D-4A592338D402}.Release|Any CPU.ActiveCfg = Release|Any CPU
		{DE8651DC-26F6-46B4-B25D-4A592338D402}.Release|Any CPU.Build.0 = Release|Any CPU
	EndGlobalSection
	GlobalSection(SolutionProperties) = preSolution
		HideSolutionNode = FALSE
	EndGlobalSection
	GlobalSection(ExtensibilityGlobals) = postSolution
		SolutionGuid = {461BF3B7-CD1A-40A6-8EA7-6DD32203F492}
	EndGlobalSection
EndGlobal
